
Microsoft Visual Studio Solution File, Format Version 12.00
# Visual Studio 15
VisualStudioVersion = 15.0.28307.645
MinimumVisualStudioVersion = 10.0.40219.1
Project("{8BC9CEB8-8B4A-11D0-8D11-00A0C91BC942}") = "ProgI_TP2", "ProgI_TP2\ProgI_TP2.vcxproj", "{BE528FC8-5D49-4E19-9D46-FCD855184DAA}"
EndProject
Global
	GlobalSection(SolutionConfigurationPlatforms) = preSolution
		Debug|x64 = Debug|x64
		Debug|x86 = Debug|x86
		Release|x64 = Release|x64
		Release|x86 = Release|x86
	EndGlobalSection
	GlobalSection(ProjectConfigurationPlatforms) = postSolution
		{BE528FC8-5D49-4E19-9D46-FCD855184DAA}.Debug|x64.ActiveCfg = Debug|x64
		{BE528FC8-5D49-4E19-9D46-FCD855184DAA}.Debug|x64.Build.0 = Debug|x64
		{BE528FC8-5D49-4E19-9D46-FCD855184DAA}.Debug|x86.ActiveCfg = Debug|Win32
		{BE528FC8-5D49-4E19-9D46-FCD855184DAA}.Debug|x86.Build.0 = Debug|Win32
		{BE528FC8-5D49-4E19-9D46-FCD855184DAA}.Release|x64.ActiveCfg = Release|x64
		{BE528FC8-5D49-4E19-9D46-FCD855184DAA}.Release|x64.Build.0 = Release|x64
		{BE528FC8-5D49-4E19-9D46-FCD855184DAA}.Release|x86.ActiveCfg = Release|Win32
		{BE528FC8-5D49-4E19-9D46-FCD855184DAA}.Release|x86.Build.0 = Release|Win32
	EndGlobalSection
	GlobalSection(SolutionProperties) = preSolution
		HideSolutionNode = FALSE
	EndGlobalSection
	GlobalSection(ExtensibilityGlobals) = postSolution
		SolutionGuid = {A3DB3497-54DD-43D5-9F29-905B71FDA73F}
	EndGlobalSection
EndGlobal
